# THIS IS AN AUTOGENERATED FILE. DO NOT EDIT THIS FILE DIRECTLY.
# yarn lockfile v1


"@babel/runtime@^7.15.4":
  version "7.26.0"
  resolved "https://registry.npmjs.org/@babel/runtime/-/runtime-7.26.0.tgz"
  dependencies:
    regenerator-runtime "^0.14.0"

"@colors/colors@1.5.0":
  version "1.5.0"
  resolved "https://registry.npmjs.org/@colors/colors/-/colors-1.5.0.tgz"

"@cspotcode/source-map-support@^0.8.0":
  version "0.8.1"
  resolved "https://registry.npmjs.org/@cspotcode/source-map-support/-/source-map-support-0.8.1.tgz"
  integrity sha512-IchNf6dN4tHoMFIn/7OE8LWZ19Y6q/67Bmf6vnGREv8RSbBVb9LPJxEcnwrcwX6ixSvaiGoomAUvu4YSxXrVgw==
  dependencies:
    "@jridgewell/trace-mapping" "0.3.9"

"@cucumber/ci-environment@9.1.0":
  version "9.1.0"
  resolved "https://registry.npmjs.org/@cucumber/ci-environment/-/ci-environment-9.1.0.tgz"

"@cucumber/cucumber-expressions@16.1.1":
  version "16.1.1"
  resolved "https://registry.npmjs.org/@cucumber/cucumber-expressions/-/cucumber-expressions-16.1.1.tgz"
  dependencies:
    regexp-match-indices "1.0.2"

"@cucumber/cucumber@^8.3.0":
  version "8.11.1"
  resolved "https://registry.npmjs.org/@cucumber/cucumber/-/cucumber-8.11.1.tgz"
  dependencies:
    "@cucumber/ci-environment" "9.1.0"
    "@cucumber/cucumber-expressions" "16.1.1"
    "@cucumber/gherkin" "26.0.3"
    "@cucumber/gherkin-streams" "5.0.1"
    "@cucumber/gherkin-utils" "8.0.2"
    "@cucumber/html-formatter" "20.2.1"
    "@cucumber/message-streams" "4.0.1"
    "@cucumber/messages" "21.0.1"
    "@cucumber/tag-expressions" "5.0.1"
    assertion-error-formatter "^3.0.0"
    capital-case "^1.0.4"
    chalk "^4.1.2"
    cli-table3 "0.6.3"
    commander "^9.0.0"
    debug "^4.3.4"
    error-stack-parser "^2.1.4"
    figures "^3.2.0"
    glob "^7.1.6"
    has-ansi "^4.0.1"
    indent-string "^4.0.0"
    is-installed-globally "^0.4.0"
    is-stream "^2.0.0"
    knuth-shuffle-seeded "^1.0.6"
    lodash.merge "^4.6.2"
    lodash.mergewith "^4.6.2"
    luxon "3.2.1"
    mz "^2.7.0"
    progress "^2.0.3"
    resolve-pkg "^2.0.0"
    semver "7.3.8"
    string-argv "^0.3.1"
    strip-ansi "6.0.1"
    supports-color "^8.1.1"
    tmp "^0.2.1"
    util-arity "^1.1.0"
    verror "^1.10.0"
    xmlbuilder "^15.1.1"
    yaml "1.10.2"
    yup "^0.32.11"

"@cucumber/gherkin-streams@5.0.1":
  version "5.0.1"
  resolved "https://registry.npmjs.org/@cucumber/gherkin-streams/-/gherkin-streams-5.0.1.tgz"
  dependencies:
    commander "9.1.0"
    source-map-support "0.5.21"

"@cucumber/gherkin-utils@8.0.2":
  version "8.0.2"
  resolved "https://registry.npmjs.org/@cucumber/gherkin-utils/-/gherkin-utils-8.0.2.tgz"
  dependencies:
    "@cucumber/gherkin" "^25.0.0"
    "@cucumber/messages" "^19.1.4"
    "@teppeis/multimaps" "2.0.0"
    commander "9.4.1"
    source-map-support "^0.5.21"

"@cucumber/gherkin@^25.0.0":
  version "25.0.2"
  resolved "https://registry.npmjs.org/@cucumber/gherkin/-/gherkin-25.0.2.tgz"
  dependencies:
    "@cucumber/messages" "^19.1.4"

"@cucumber/gherkin@>=22.0.0", "@cucumber/gherkin@26.0.3":
  version "26.0.3"
  resolved "https://registry.npmjs.org/@cucumber/gherkin/-/gherkin-26.0.3.tgz"
  dependencies:
    "@cucumber/messages" "19.1.4 - 21"

"@cucumber/html-formatter@20.2.1":
  version "20.2.1"
  resolved "https://registry.npmjs.org/@cucumber/html-formatter/-/html-formatter-20.2.1.tgz"

"@cucumber/message-streams@>=4.0.0", "@cucumber/message-streams@4.0.1":
  version "4.0.1"
  resolved "https://registry.npmjs.org/@cucumber/message-streams/-/message-streams-4.0.1.tgz"

"@cucumber/messages@^19.1.4":
  version "19.1.4"
  resolved "https://registry.npmjs.org/@cucumber/messages/-/messages-19.1.4.tgz"
  dependencies:
    "@types/uuid" "8.3.4"
    class-transformer "0.5.1"
    reflect-metadata "0.1.13"
    uuid "9.0.0"

"@cucumber/messages@>=17.1.1", "@cucumber/messages@>=18", "@cucumber/messages@19.1.4 - 21", "@cucumber/messages@21.0.1":
  version "21.0.1"
  resolved "https://registry.npmjs.org/@cucumber/messages/-/messages-21.0.1.tgz"
  dependencies:
    "@types/uuid" "8.3.4"
    class-transformer "0.5.1"
    reflect-metadata "0.1.13"
    uuid "9.0.0"

"@cucumber/tag-expressions@5.0.1":
  version "5.0.1"
  resolved "https://registry.npmjs.org/@cucumber/tag-expressions/-/tag-expressions-5.0.1.tgz"

"@jridgewell/resolve-uri@^3.0.3":
  version "3.1.2"
  resolved "https://registry.npmjs.org/@jridgewell/resolve-uri/-/resolve-uri-3.1.2.tgz"
  integrity sha512-bRISgCIjP20/tbWSPWMEi54QVPRZExkuD9lJL+UIxUKtwVJA8wW1Trb1jMs1RFXo1CBTNZ/5hpC9QvmKWdopKw==

"@jridgewell/sourcemap-codec@^1.4.10":
  version "1.5.0"
  resolved "https://registry.npmjs.org/@jridgewell/sourcemap-codec/-/sourcemap-codec-1.5.0.tgz"
  integrity sha512-gv3ZRaISU3fjPAgNsriBRqGWQL6quFx04YMPW/zD8XMLsU32mhCCbfbO6KZFLjvYpCZ8zyDEgqsgf+PwPaM7GQ==

"@jridgewell/trace-mapping@0.3.9":
  version "0.3.9"
  resolved "https://registry.npmjs.org/@jridgewell/trace-mapping/-/trace-mapping-0.3.9.tgz"
  integrity sha512-3Belt6tdc8bPgAtbcmdtNJlirVoTmEb5e2gC94PnkwEW9jI6CAHUeoG85tjWP5WquqfavoMtMwiG4P926ZKKuQ==
  dependencies:
    "@jridgewell/resolve-uri" "^3.0.3"
    "@jridgewell/sourcemap-codec" "^1.4.10"

"@teppeis/multimaps@2.0.0":
  version "2.0.0"
  resolved "https://registry.npmjs.org/@teppeis/multimaps/-/multimaps-2.0.0.tgz"

"@tsconfig/node10@^1.0.7":
  version "1.0.11"
  resolved "https://registry.npmjs.org/@tsconfig/node10/-/node10-1.0.11.tgz"
  integrity sha512-DcRjDCujK/kCk/cUe8Xz8ZSpm8mS3mNNpta+jGCA6USEDfktlNvm1+IuZ9eTcDbNk41BHwpHHeW+N1lKCz4zOw==

"@tsconfig/node12@^1.0.7":
  version "1.0.11"
  resolved "https://registry.npmjs.org/@tsconfig/node12/-/node12-1.0.11.tgz"
  integrity sha512-cqefuRsh12pWyGsIoBKJA9luFu3mRxCA+ORZvA4ktLSzIuCUtWVxGIuXigEwO5/ywWFMZ2QEGKWvkZG1zDMTag==

"@tsconfig/node14@^1.0.0":
  version "1.0.3"
  resolved "https://registry.npmjs.org/@tsconfig/node14/-/node14-1.0.3.tgz"
  integrity sha512-ysT8mhdixWK6Hw3i1V2AeRqZ5WfXg1G43mqoYlM2nc6388Fq5jcXyr5mRsqViLx/GJYdoL0bfXD8nmF+Zn/Iow==

"@tsconfig/node16@^1.0.2":
  version "1.0.4"
  resolved "https://registry.npmjs.org/@tsconfig/node16/-/node16-1.0.4.tgz"
  integrity sha512-vxhUy4J8lyeyinH7Azl1pdd43GJhZH/tP2weN8TntQblOY+A0XbT8DJk1/oCPuOOyg/Ja757rG0CgHcWC8OfMA==

"@types/cucumber@^6.0.1":
  version "6.0.1"
  resolved "https://registry.npmjs.org/@types/cucumber/-/cucumber-6.0.1.tgz"

"@types/lodash@^4.14.175":
  version "4.17.14"
  resolved "https://registry.npmjs.org/@types/lodash/-/lodash-4.17.14.tgz"

"@types/node@*", "@types/node@^14.0.27":
  version "14.18.63"
  resolved "https://registry.npmjs.org/@types/node/-/node-14.18.63.tgz"

"@types/uuid@8.3.4":
  version "8.3.4"
  resolved "https://registry.npmjs.org/@types/uuid/-/uuid-8.3.4.tgz"

acorn-walk@^8.1.1:
  version "8.3.4"
  resolved "https://registry.npmjs.org/acorn-walk/-/acorn-walk-8.3.4.tgz"
  integrity sha512-ueEepnujpqee2o5aIYnvHU6C0A42MNdsIDeqy5BydrkuC5R1ZuUFnm27EeFJGoEHJQgn3uleRvmTXaJgfXbt4g==
  dependencies:
    acorn "^8.11.0"

acorn@^8.11.0, acorn@^8.4.1:
  version "8.14.0"
  resolved "https://registry.npmjs.org/acorn/-/acorn-8.14.0.tgz"
  integrity sha512-cl669nCJTZBsL97OF4kUQm5g5hC2uihk0NxY3WENAC0TYdILVkAyHymAntgxGkl7K+t0cXIrH5siy5S4XkFycA==

ansi-regex@^4.1.0:
  version "4.1.1"
  resolved "https://registry.npmjs.org/ansi-regex/-/ansi-regex-4.1.1.tgz"

ansi-regex@^5.0.1:
  version "5.0.1"
  resolved "https://registry.npmjs.org/ansi-regex/-/ansi-regex-5.0.1.tgz"

ansi-styles@^4.1.0:
  version "4.3.0"
  resolved "https://registry.npmjs.org/ansi-styles/-/ansi-styles-4.3.0.tgz"
  dependencies:
    color-convert "^2.0.1"

any-promise@^1.0.0:
  version "1.3.0"
  resolved "https://registry.npmjs.org/any-promise/-/any-promise-1.3.0.tgz"

arg@^4.1.0:
  version "4.1.3"
  resolved "https://registry.npmjs.org/arg/-/arg-4.1.3.tgz"
  integrity sha512-58S9QDqG0Xx27YwPSt9fJxivjYl432YCwfDMfZ+71RAqUrZef7LrKQZ3LHLOwCS4FLNBplP533Zx895SeOCHvA==

assert-plus@^1.0.0:
  version "1.0.0"
  resolved "https://registry.npmjs.org/assert-plus/-/assert-plus-1.0.0.tgz"

assertion-error-formatter@^3.0.0:
  version "3.0.0"
  resolved "https://registry.npmjs.org/assertion-error-formatter/-/assertion-error-formatter-3.0.0.tgz"
  dependencies:
    diff "^4.0.1"
    pad-right "^0.2.2"
    repeat-string "^1.6.1"

balanced-match@^1.0.0:
  version "1.0.2"
  resolved "https://registry.npmjs.org/balanced-match/-/balanced-match-1.0.2.tgz"

brace-expansion@^1.1.7:
  version "1.1.11"
  resolved "https://registry.npmjs.org/brace-expansion/-/brace-expansion-1.1.11.tgz"
  dependencies:
    balanced-match "^1.0.0"
    concat-map "0.0.1"

buffer-from@^1.0.0:
  version "1.1.2"
  resolved "https://registry.npmjs.org/buffer-from/-/buffer-from-1.1.2.tgz"

capital-case@^1.0.4:
  version "1.0.4"
  resolved "https://registry.npmjs.org/capital-case/-/capital-case-1.0.4.tgz"
  dependencies:
    no-case "^3.0.4"
    tslib "^2.0.3"
    upper-case-first "^2.0.2"

chalk@^4.1.2:
  version "4.1.2"
  resolved "https://registry.npmjs.org/chalk/-/chalk-4.1.2.tgz"
  dependencies:
    ansi-styles "^4.1.0"
    supports-color "^7.1.0"

class-transformer@0.5.1:
  version "0.5.1"
  resolved "https://registry.npmjs.org/class-transformer/-/class-transformer-0.5.1.tgz"

cli-table3@0.6.3:
  version "0.6.3"
  resolved "https://registry.npmjs.org/cli-table3/-/cli-table3-0.6.3.tgz"
  dependencies:
    string-width "^4.2.0"
  optionalDependencies:
    "@colors/colors" "1.5.0"

color-convert@^2.0.1:
  version "2.0.1"
  resolved "https://registry.npmjs.org/color-convert/-/color-convert-2.0.1.tgz"
  dependencies:
    color-name "~1.1.4"

color-name@~1.1.4:
  version "1.1.4"
  resolved "https://registry.npmjs.org/color-name/-/color-name-1.1.4.tgz"

commander@^9.0.0:
  version "9.5.0"
  resolved "https://registry.npmjs.org/commander/-/commander-9.5.0.tgz"

commander@9.1.0:
  version "9.1.0"
  resolved "https://registry.npmjs.org/commander/-/commander-9.1.0.tgz"

commander@9.4.1:
  version "9.4.1"
  resolved "https://registry.npmjs.org/commander/-/commander-9.4.1.tgz"

concat-map@0.0.1:
  version "0.0.1"
  resolved "https://registry.npmjs.org/concat-map/-/concat-map-0.0.1.tgz"

core-util-is@1.0.2:
  version "1.0.2"
  resolved "https://registry.npmjs.org/core-util-is/-/core-util-is-1.0.2.tgz"

create-require@^1.1.0:
  version "1.1.1"
  resolved "https://registry.npmjs.org/create-require/-/create-require-1.1.1.tgz"
  integrity sha512-dcKFX3jn0MpIaXjisoRvexIJVEKzaq7z2rZKxf+MSr9TkdmHmsU4m2lcLojrj/FHl8mk5VxMmYA+ftRkP/3oKQ==

debug@^4.3.4:
  version "4.4.0"
  resolved "https://registry.npmjs.org/debug/-/debug-4.4.0.tgz"
  dependencies:
    ms "^2.1.3"

diff@^4.0.1:
  version "4.0.2"
  resolved "https://registry.npmjs.org/diff/-/diff-4.0.2.tgz"

emoji-regex@^8.0.0:
  version "8.0.0"
  resolved "https://registry.npmjs.org/emoji-regex/-/emoji-regex-8.0.0.tgz"

error-stack-parser@^2.1.4:
  version "2.1.4"
  resolved "https://registry.npmjs.org/error-stack-parser/-/error-stack-parser-2.1.4.tgz"
  dependencies:
    stackframe "^1.3.4"

escape-string-regexp@^1.0.5:
  version "1.0.5"
  resolved "https://registry.npmjs.org/escape-string-regexp/-/escape-string-regexp-1.0.5.tgz"

extsprintf@^1.2.0:
  version "1.4.1"
  resolved "https://registry.npmjs.org/extsprintf/-/extsprintf-1.4.1.tgz"

figures@^3.2.0:
  version "3.2.0"
  resolved "https://registry.npmjs.org/figures/-/figures-3.2.0.tgz"
  dependencies:
    escape-string-regexp "^1.0.5"

fs.realpath@^1.0.0:
  version "1.0.0"
  resolved "https://registry.npmjs.org/fs.realpath/-/fs.realpath-1.0.0.tgz"

glob@^7.1.6:
  version "7.2.3"
  resolved "https://registry.npmjs.org/glob/-/glob-7.2.3.tgz"
  dependencies:
    fs.realpath "^1.0.0"
    inflight "^1.0.4"
    inherits "2"
    minimatch "^3.1.1"
    once "^1.3.0"
    path-is-absolute "^1.0.0"

global-dirs@^3.0.0:
  version "3.0.1"
  resolved "https://registry.npmjs.org/global-dirs/-/global-dirs-3.0.1.tgz"
  dependencies:
    ini "2.0.0"

has-ansi@^4.0.1:
  version "4.0.1"
  resolved "https://registry.npmjs.org/has-ansi/-/has-ansi-4.0.1.tgz"
  dependencies:
    ansi-regex "^4.1.0"

has-flag@^4.0.0:
  version "4.0.0"
  resolved "https://registry.npmjs.org/has-flag/-/has-flag-4.0.0.tgz"

indent-string@^4.0.0:
  version "4.0.0"
  resolved "https://registry.npmjs.org/indent-string/-/indent-string-4.0.0.tgz"

inflight@^1.0.4:
  version "1.0.6"
  resolved "https://registry.npmjs.org/inflight/-/inflight-1.0.6.tgz"
  dependencies:
    once "^1.3.0"
    wrappy "1"

inherits@2:
  version "2.0.4"
  resolved "https://registry.npmjs.org/inherits/-/inherits-2.0.4.tgz"

ini@2.0.0:
  version "2.0.0"
  resolved "https://registry.npmjs.org/ini/-/ini-2.0.0.tgz"

is-fullwidth-code-point@^3.0.0:
  version "3.0.0"
  resolved "https://registry.npmjs.org/is-fullwidth-code-point/-/is-fullwidth-code-point-3.0.0.tgz"

is-installed-globally@^0.4.0:
  version "0.4.0"
  resolved "https://registry.npmjs.org/is-installed-globally/-/is-installed-globally-0.4.0.tgz"
  dependencies:
    global-dirs "^3.0.0"
    is-path-inside "^3.0.2"

is-path-inside@^3.0.2:
  version "3.0.3"
  resolved "https://registry.npmjs.org/is-path-inside/-/is-path-inside-3.0.3.tgz"

is-stream@^2.0.0:
  version "2.0.1"
  resolved "https://registry.npmjs.org/is-stream/-/is-stream-2.0.1.tgz"

knuth-shuffle-seeded@^1.0.6:
  version "1.0.6"
  resolved "https://registry.npmjs.org/knuth-shuffle-seeded/-/knuth-shuffle-seeded-1.0.6.tgz"
  dependencies:
    seed-random "~2.2.0"

lodash-es@^4.17.21:
  version "4.17.21"
  resolved "https://registry.npmjs.org/lodash-es/-/lodash-es-4.17.21.tgz"

lodash.merge@^4.6.2:
  version "4.6.2"
  resolved "https://registry.npmjs.org/lodash.merge/-/lodash.merge-4.6.2.tgz"

lodash.mergewith@^4.6.2:
  version "4.6.2"
  resolved "https://registry.npmjs.org/lodash.mergewith/-/lodash.mergewith-4.6.2.tgz"

lodash@^4.17.21:
  version "4.17.21"
  resolved "https://registry.npmjs.org/lodash/-/lodash-4.17.21.tgz"

lower-case@^2.0.2:
  version "2.0.2"
  resolved "https://registry.npmjs.org/lower-case/-/lower-case-2.0.2.tgz"
  dependencies:
    tslib "^2.0.3"

lru-cache@^6.0.0:
  version "6.0.0"
  resolved "https://registry.npmjs.org/lru-cache/-/lru-cache-6.0.0.tgz"
  dependencies:
    yallist "^4.0.0"

luxon@3.2.1:
  version "3.2.1"
  resolved "https://registry.npmjs.org/luxon/-/luxon-3.2.1.tgz"

make-error@^1.1.1:
  version "1.3.6"
  resolved "https://registry.npmjs.org/make-error/-/make-error-1.3.6.tgz"
  integrity sha512-s8UhlNe7vPKomQhC1qFelMokr/Sc3AgNbso3n74mVPA5LTZwkB9NlXf4XPamLxJE8h0gh73rM94xvwRT2CVInw==

minimatch@^3.1.1:
  version "3.1.2"
  resolved "https://registry.npmjs.org/minimatch/-/minimatch-3.1.2.tgz"
  dependencies:
    brace-expansion "^1.1.7"

ms@^2.1.3:
  version "2.1.3"
  resolved "https://registry.npmjs.org/ms/-/ms-2.1.3.tgz"

mz@^2.7.0:
  version "2.7.0"
  resolved "https://registry.npmjs.org/mz/-/mz-2.7.0.tgz"
  dependencies:
    any-promise "^1.0.0"
    object-assign "^4.0.1"
    thenify-all "^1.0.0"

nanoclone@^0.2.1:
  version "0.2.1"
  resolved "https://registry.npmjs.org/nanoclone/-/nanoclone-0.2.1.tgz"

no-case@^3.0.4:
  version "3.0.4"
  resolved "https://registry.npmjs.org/no-case/-/no-case-3.0.4.tgz"
  dependencies:
    lower-case "^2.0.2"
    tslib "^2.0.3"

object-assign@^4.0.1:
  version "4.1.1"
  resolved "https://registry.npmjs.org/object-assign/-/object-assign-4.1.1.tgz"

once@^1.3.0:
  version "1.4.0"
  resolved "https://registry.npmjs.org/once/-/once-1.4.0.tgz"
  dependencies:
    wrappy "1"

pad-right@^0.2.2:
  version "0.2.2"
  resolved "https://registry.npmjs.org/pad-right/-/pad-right-0.2.2.tgz"
  dependencies:
    repeat-string "^1.5.2"

path-is-absolute@^1.0.0:
  version "1.0.1"
  resolved "https://registry.npmjs.org/path-is-absolute/-/path-is-absolute-1.0.1.tgz"

progress@^2.0.3:
  version "2.0.3"
  resolved "https://registry.npmjs.org/progress/-/progress-2.0.3.tgz"

property-expr@^2.0.4:
  version "2.0.6"
  resolved "https://registry.npmjs.org/property-expr/-/property-expr-2.0.6.tgz"

reflect-metadata@0.1.13:
  version "0.1.13"
  resolved "https://registry.npmjs.org/reflect-metadata/-/reflect-metadata-0.1.13.tgz"

regenerator-runtime@^0.14.0:
  version "0.14.1"
  resolved "https://registry.npmjs.org/regenerator-runtime/-/regenerator-runtime-0.14.1.tgz"

regexp-match-indices@1.0.2:
  version "1.0.2"
  resolved "https://registry.npmjs.org/regexp-match-indices/-/regexp-match-indices-1.0.2.tgz"
  dependencies:
    regexp-tree "^0.1.11"

regexp-tree@^0.1.11:
  version "0.1.27"
  resolved "https://registry.npmjs.org/regexp-tree/-/regexp-tree-0.1.27.tgz"

repeat-string@^1.5.2, repeat-string@^1.6.1:
  version "1.6.1"
  resolved "https://registry.npmjs.org/repeat-string/-/repeat-string-1.6.1.tgz"

resolve-from@^5.0.0:
  version "5.0.0"
  resolved "https://registry.npmjs.org/resolve-from/-/resolve-from-5.0.0.tgz"

resolve-pkg@^2.0.0:
  version "2.0.0"
  resolved "https://registry.npmjs.org/resolve-pkg/-/resolve-pkg-2.0.0.tgz"
  dependencies:
    resolve-from "^5.0.0"

seed-random@~2.2.0:
  version "2.2.0"
  resolved "https://registry.npmjs.org/seed-random/-/seed-random-2.2.0.tgz"

semver@7.3.8:
  version "7.3.8"
  resolved "https://registry.npmjs.org/semver/-/semver-7.3.8.tgz"
  dependencies:
    lru-cache "^6.0.0"

source-map-support@^0.5.21, source-map-support@0.5.21:
  version "0.5.21"
  resolved "https://registry.npmjs.org/source-map-support/-/source-map-support-0.5.21.tgz"
  dependencies:
    buffer-from "^1.0.0"
    source-map "^0.6.0"

source-map@^0.6.0:
  version "0.6.1"
  resolved "https://registry.npmjs.org/source-map/-/source-map-0.6.1.tgz"

stackframe@^1.3.4:
  version "1.3.4"
  resolved "https://registry.npmjs.org/stackframe/-/stackframe-1.3.4.tgz"

string-argv@^0.3.1:
  version "0.3.2"
  resolved "https://registry.npmjs.org/string-argv/-/string-argv-0.3.2.tgz"

string-width@^4.2.0:
  version "4.2.3"
  resolved "https://registry.npmjs.org/string-width/-/string-width-4.2.3.tgz"
  dependencies:
    emoji-regex "^8.0.0"
    is-fullwidth-code-point "^3.0.0"
    strip-ansi "^6.0.1"

strip-ansi@^6.0.1, strip-ansi@6.0.1:
  version "6.0.1"
  resolved "https://registry.npmjs.org/strip-ansi/-/strip-ansi-6.0.1.tgz"
  dependencies:
    ansi-regex "^5.0.1"

supports-color@^7.1.0:
  version "7.2.0"
  resolved "https://registry.npmjs.org/supports-color/-/supports-color-7.2.0.tgz"
  dependencies:
    has-flag "^4.0.0"

supports-color@^8.1.1:
  version "8.1.1"
  resolved "https://registry.npmjs.org/supports-color/-/supports-color-8.1.1.tgz"
  dependencies:
    has-flag "^4.0.0"

thenify-all@^1.0.0:
  version "1.6.0"
  resolved "https://registry.npmjs.org/thenify-all/-/thenify-all-1.6.0.tgz"
  dependencies:
    thenify ">= 3.1.0 < 4"

"thenify@>= 3.1.0 < 4":
  version "3.3.1"
  resolved "https://registry.npmjs.org/thenify/-/thenify-3.3.1.tgz"
  dependencies:
    any-promise "^1.0.0"

tmp@^0.2.1:
  version "0.2.3"
  resolved "https://registry.npmjs.org/tmp/-/tmp-0.2.3.tgz"

toposort@^2.0.2:
  version "2.0.2"
  resolved "https://registry.npmjs.org/toposort/-/toposort-2.0.2.tgz"

ts-node@^10.9.2:
  version "10.9.2"
  resolved "https://registry.npmjs.org/ts-node/-/ts-node-10.9.2.tgz"
  integrity sha512-f0FFpIdcHgn8zcPSbf1dRevwt047YMnaiJM3u2w2RewrB+fob/zePZcrOyQoLMMO7aBIddLcQIEK5dYjkLnGrQ==
  dependencies:
    "@cspotcode/source-map-support" "^0.8.0"
    "@tsconfig/node10" "^1.0.7"
    "@tsconfig/node12" "^1.0.7"
    "@tsconfig/node14" "^1.0.0"
    "@tsconfig/node16" "^1.0.2"
    acorn "^8.4.1"
    acorn-walk "^8.1.1"
    arg "^4.1.0"
    create-require "^1.1.0"
    diff "^4.0.1"
    make-error "^1.1.1"
    v8-compile-cache-lib "^3.0.1"
    yn "3.1.1"

tslib@^2.0.3:
  version "2.8.1"
  resolved "https://registry.npmjs.org/tslib/-/tslib-2.8.1.tgz"

typescript@^4.9.5, typescript@>=2.7:
  version "4.9.5"
  resolved "https://registry.npmjs.org/typescript/-/typescript-4.9.5.tgz"
  integrity sha512-1FXk9E2Hm+QzZQ7z+McJiHL4NW1F2EzMu9Nq9i3zAaGqibafqYwCVU6WyWAuyQRRzOlxou8xZSyXLEN8oKj24g==

upper-case-first@^2.0.2:
  version "2.0.2"
  resolved "https://registry.npmjs.org/upper-case-first/-/upper-case-first-2.0.2.tgz"
  dependencies:
    tslib "^2.0.3"

util-arity@^1.1.0:
  version "1.1.0"
  resolved "https://registry.npmjs.org/util-arity/-/util-arity-1.1.0.tgz"

uuid@9.0.0:
  version "9.0.0"
  resolved "https://registry.npmjs.org/uuid/-/uuid-9.0.0.tgz"

v8-compile-cache-lib@^3.0.1:
  version "3.0.1"
  resolved "https://registry.npmjs.org/v8-compile-cache-lib/-/v8-compile-cache-lib-3.0.1.tgz"
  integrity sha512-wa7YjyUGfNZngI/vtK0UHAN+lgDCxBPCylVXGp0zu59Fz5aiGtNXaq3DhIov063MorB+VfufLh3JlF2KdTK3xg==

verror@^1.10.0:
  version "1.10.1"
  resolved "https://registry.npmjs.org/verror/-/verror-1.10.1.tgz"
  dependencies:
    assert-plus "^1.0.0"
    core-util-is "1.0.2"
    extsprintf "^1.2.0"

wrappy@1:
  version "1.0.2"
  resolved "https://registry.npmjs.org/wrappy/-/wrappy-1.0.2.tgz"

xmlbuilder@^15.1.1:
  version "15.1.1"
  resolved "https://registry.npmjs.org/xmlbuilder/-/xmlbuilder-15.1.1.tgz"

yallist@^4.0.0:
  version "4.0.0"
  resolved "https://registry.npmjs.org/yallist/-/yallist-4.0.0.tgz"

yaml@1.10.2:
  version "1.10.2"
  resolved "https://registry.npmjs.org/yaml/-/yaml-1.10.2.tgz"

yn@3.1.1:
  version "3.1.1"
  resolved "https://registry.npmjs.org/yn/-/yn-3.1.1.tgz"
  integrity sha512-Ux4ygGWsu2c7isFWe8Yu1YluJmqVhxqK2cLXNQA5AcC3QfbGNpM7fu0Y8b/z16pXLnFxZYvWhd3fhBY9DLmC6Q==

yup@^0.32.11:
  version "0.32.11"
  resolved "https://registry.npmjs.org/yup/-/yup-0.32.11.tgz"
  dependencies:
    "@babel/runtime" "^7.15.4"
    "@types/lodash" "^4.14.175"
    lodash "^4.17.21"
    lodash-es "^4.17.21"
    nanoclone "^0.2.1"
    property-expr "^2.0.4"
    toposort "^2.0.2"
